{
  "name": "gamerforge-guide",
  "lockfileVersion": 3,
  "requires": true,
  "packages": {
    "": {
      "dependencies": {
        "retypeapp": "^3.0.0"
      }
    },
    "node_modules/retypeapp": {
      "version": "3.3.0",
      "resolved": "https://registry.npmjs.org/retypeapp/-/retypeapp-3.3.0.tgz",
      "integrity": "sha512-gdiI5qpfbT1+AoqevIAwb/TqeYuvYkMn4uvPwN9NH0rBHAuWKDdIlAUD+Vsd9qlBEjGKU+Omvd900dnZ6l7R7g==",
      "bin": {
        "retype": "retype.js"
      }
    }
  }
}
