{
  "name": "gamerforge-guide",
  "lockfileVersion": 3,
  "requires": true,
  "packages": {
    "": {
      "dependencies": {
        "retypeapp": "^4.0.0"
      }
    },
    "node_modules/retypeapp": {
      "version": "4.0.1",
      "resolved": "https://registry.npmjs.org/retypeapp/-/retypeapp-4.0.1.tgz",
      "integrity": "sha512-xqo/Hkq6hEEniIpRxLA41FU6jNpyfz5tRp7gkWpWhbWeuBcVMC75mPD94O6Ino8BgU22l6Sd5vxda5uOaecr4A==",
      "license": "See LICENSE IN LICENSE",
      "bin": {
        "retype": "retype.js"
      }
    }
  }
}
