{
  "name": "gamerforge-guide",
  "lockfileVersion": 3,
  "requires": true,
  "packages": {
    "": {
      "dependencies": {
        "retypeapp": "^3.0.0"
      }
    },
    "node_modules/retypeapp": {
      "version": "3.12.0",
      "resolved": "https://registry.npmjs.org/retypeapp/-/retypeapp-3.12.0.tgz",
      "integrity": "sha512-2yyw6ZTmUdy82CfxJ+sv0V6In7q0/DljrWCyKsrbpT0us4E/hwz5sNY8LT6d3Gq2l2N4PA282aVQMV3He/1D0g==",
      "license": "See LICENSE IN LICENSE",
      "bin": {
        "retype": "retype.js"
      }
    }
  }
}
